
Microsoft Visual Studio Solution File, Format Version 12.00
# Visual Studio Version 17
VisualStudioVersion = 17.1.32328.378
MinimumVisualStudioVersion = 10.0.40219.1
Project("{FAE04EC0-301F-11D3-BF4B-00C04F79EFBC}") = "SampleGlobalization", "SampleGlobalization\SampleGlobalization.csproj", "{C27BF45F-A1F3-4F5B-87D1-889362E4853A}"
EndProject
Global
	GlobalSection(SolutionConfigurationPlatforms) = preSolution
		Debug|Any CPU = Debug|Any CPU
		Release|Any CPU = Release|Any CPU
	EndGlobalSection
	GlobalSection(ProjectConfigurationPlatforms) = postSolution
		{C27BF45F-A1F3-4F5B-87D1-889362E4853A}.Debug|Any CPU.ActiveCfg = Debug|Any CPU
		{C27BF45F-A1F3-4F5B-87D1-889362E4853A}.Debug|Any CPU.Build.0 = Debug|Any CPU
		{C27BF45F-A1F3-4F5B-87D1-889362E4853A}.Release|Any CPU.ActiveCfg = Release|Any CPU
		{C27BF45F-A1F3-4F5B-87D1-889362E4853A}.Release|Any CPU.Build.0 = Release|Any CPU
	EndGlobalSection
	GlobalSection(SolutionProperties) = preSolution
		HideSolutionNode = FALSE
	EndGlobalSection
	GlobalSection(ExtensibilityGlobals) = postSolution
		SolutionGuid = {43C17831-DD02-45A2-A370-DFB270BE8916}
	EndGlobalSection
EndGlobal
